
Microsoft Visual Studio Solution File, Format Version 12.00
# Visual Studio Version 16
VisualStudioVersion = 16.0.30114.105
MinimumVisualStudioVersion = 10.0.40219.1
Project("{8BC9CEB8-8B4A-11D0-8D11-00A0C91BC942}") = "Week 1", "Week 1\Week 1.vcxproj", "{9082AD52-FAC0-424E-9C67-546188C5B6DD}"
EndProject
Project("{8BC9CEB8-8B4A-11D0-8D11-00A0C91BC942}") = "Week 2", "Week 2\Week 2.vcxproj", "{E7D7FF7F-7337-46DC-9217-235C784597B5}"
EndProject
Project("{8BC9CEB8-8B4A-11D0-8D11-00A0C91BC942}") = "Week 3", "Week 3\Week 3.vcxproj", "{3174EF25-1B43-4826-80CF-60D4074750C6}"
EndProject
Project("{8BC9CEB8-8B4A-11D0-8D11-00A0C91BC942}") = "Week 4", "Week 4\Week 4.vcxproj", "{9B0A5BD5-9F3D-4891-A6B4-9EE54B2A9309}"
EndProject
Project("{8BC9CEB8-8B4A-11D0-8D11-00A0C91BC942}") = "Week 5", "Week 5\Week 5.vcxproj", "{BA7F8CAE-E782-4888-8E33-42CFBED4593F}"
EndProject
Project("{8BC9CEB8-8B4A-11D0-8D11-00A0C91BC942}") = "Week 6", "Week 6\Week 6.vcxproj", "{25939011-8F1A-43A2-8239-BB426AFB13E6}"
EndProject
Project("{8BC9CEB8-8B4A-11D0-8D11-00A0C91BC942}") = "Week 9", "Week 9\Week 9.vcxproj", "{8AA42D77-8780-4C53-8EC2-75B660048102}"
EndProject
Project("{8BC9CEB8-8B4A-11D0-8D11-00A0C91BC942}") = "Week 10", "Week 10\Week 10.vcxproj", "{5D39A0BC-0A53-45C0-B678-3CA8EC62DBD7}"
EndProject
Project("{8BC9CEB8-8B4A-11D0-8D11-00A0C91BC942}") = "Week 11", "Week 11\Week 11.vcxproj", "{20C20B9A-203F-40EC-8C69-02444BFA5C35}"
EndProject
Project("{8BC9CEB8-8B4A-11D0-8D11-00A0C91BC942}") = "Week 12", "Week 12\Week 12.vcxproj", "{7EAB3B18-72D4-4887-8E8C-BB9A34FDB618}"
EndProject
Project("{8BC9CEB8-8B4A-11D0-8D11-00A0C91BC942}") = "Week 13", "Week 13\Week 13.vcxproj", "{6554888E-5929-4061-B2F4-D47D9E207CD6}"
EndProject
Project("{8BC9CEB8-8B4A-11D0-8D11-00A0C91BC942}") = "Week 14", "Week 14\Week 14.vcxproj", "{B293452D-9BE8-45B9-BA53-69CF52075987}"
EndProject
Global
	GlobalSection(SolutionConfigurationPlatforms) = preSolution
		Debug|x64 = Debug|x64
		Debug|x86 = Debug|x86
		Release|x64 = Release|x64
		Release|x86 = Release|x86
	EndGlobalSection
	GlobalSection(ProjectConfigurationPlatforms) = postSolution
		{9082AD52-FAC0-424E-9C67-546188C5B6DD}.Debug|x64.ActiveCfg = Debug|x64
		{9082AD52-FAC0-424E-9C67-546188C5B6DD}.Debug|x64.Build.0 = Debug|x64
		{9082AD52-FAC0-424E-9C67-546188C5B6DD}.Debug|x86.ActiveCfg = Debug|Win32
		{9082AD52-FAC0-424E-9C67-546188C5B6DD}.Debug|x86.Build.0 = Debug|Win32
		{9082AD52-FAC0-424E-9C67-546188C5B6DD}.Release|x64.ActiveCfg = Release|x64
		{9082AD52-FAC0-424E-9C67-546188C5B6DD}.Release|x64.Build.0 = Release|x64
		{9082AD52-FAC0-424E-9C67-546188C5B6DD}.Release|x86.ActiveCfg = Release|Win32
		{9082AD52-FAC0-424E-9C67-546188C5B6DD}.Release|x86.Build.0 = Release|Win32
		{E7D7FF7F-7337-46DC-9217-235C784597B5}.Debug|x64.ActiveCfg = Debug|x64
		{E7D7FF7F-7337-46DC-9217-235C784597B5}.Debug|x64.Build.0 = Debug|x64
		{E7D7FF7F-7337-46DC-9217-235C784597B5}.Debug|x86.ActiveCfg = Debug|Win32
		{E7D7FF7F-7337-46DC-9217-235C784597B5}.Debug|x86.Build.0 = Debug|Win32
		{E7D7FF7F-7337-46DC-9217-235C784597B5}.Release|x64.ActiveCfg = Release|x64
		{E7D7FF7F-7337-46DC-9217-235C784597B5}.Release|x64.Build.0 = Release|x64
		{E7D7FF7F-7337-46DC-9217-235C784597B5}.Release|x86.ActiveCfg = Release|Win32
		{E7D7FF7F-7337-46DC-9217-235C784597B5}.Release|x86.Build.0 = Release|Win32
		{3174EF25-1B43-4826-80CF-60D4074750C6}.Debug|x64.ActiveCfg = Debug|x64
		{3174EF25-1B43-4826-80CF-60D4074750C6}.Debug|x64.Build.0 = Debug|x64
		{3174EF25-1B43-4826-80CF-60D4074750C6}.Debug|x86.ActiveCfg = Debug|Win32
		{3174EF25-1B43-4826-80CF-60D4074750C6}.Debug|x86.Build.0 = Debug|Win32
		{3174EF25-1B43-4826-80CF-60D4074750C6}.Release|x64.ActiveCfg = Release|x64
		{3174EF25-1B43-4826-80CF-60D4074750C6}.Release|x64.Build.0 = Release|x64
		{3174EF25-1B43-4826-80CF-60D4074750C6}.Release|x86.ActiveCfg = Release|Win32
		{3174EF25-1B43-4826-80CF-60D4074750C6}.Release|x86.Build.0 = Release|Win32
		{9B0A5BD5-9F3D-4891-A6B4-9EE54B2A9309}.Debug|x64.ActiveCfg = Debug|x64
		{9B0A5BD5-9F3D-4891-A6B4-9EE54B2A9309}.Debug|x64.Build.0 = Debug|x64
		{9B0A5BD5-9F3D-4891-A6B4-9EE54B2A9309}.Debug|x86.ActiveCfg = Debug|Win32
		{9B0A5BD5-9F3D-4891-A6B4-9EE54B2A9309}.Debug|x86.Build.0 = Debug|Win32
		{9B0A5BD5-9F3D-4891-A6B4-9EE54B2A9309}.Release|x64.ActiveCfg = Release|x64
		{9B0A5BD5-9F3D-4891-A6B4-9EE54B2A9309}.Release|x64.Build.0 = Release|x64
		{9B0A5BD5-9F3D-4891-A6B4-9EE54B2A9309}.Release|x86.ActiveCfg = Release|Win32
		{9B0A5BD5-9F3D-4891-A6B4-9EE54B2A9309}.Release|x86.Build.0 = Release|Win32
		{BA7F8CAE-E782-4888-8E33-42CFBED4593F}.Debug|x64.ActiveCfg = Debug|x64
		{BA7F8CAE-E782-4888-8E33-42CFBED4593F}.Debug|x64.Build.0 = Debug|x64
		{BA7F8CAE-E782-4888-8E33-42CFBED4593F}.Debug|x86.ActiveCfg = Debug|Win32
		{BA7F8CAE-E782-4888-8E33-42CFBED4593F}.Debug|x86.Build.0 = Debug|Win32
		{BA7F8CAE-E782-4888-8E33-42CFBED4593F}.Release|x64.ActiveCfg = Release|x64
		{BA7F8CAE-E782-4888-8E33-42CFBED4593F}.Release|x64.Build.0 = Release|x64
		{BA7F8CAE-E782-4888-8E33-42CFBED4593F}.Release|x86.ActiveCfg = Release|Win32
		{BA7F8CAE-E782-4888-8E33-42CFBED4593F}.Release|x86.Build.0 = Release|Win32
		{25939011-8F1A-43A2-8239-BB426AFB13E6}.Debug|x64.ActiveCfg = Debug|x64
		{25939011-8F1A-43A2-8239-BB426AFB13E6}.Debug|x64.Build.0 = Debug|x64
		{25939011-8F1A-43A2-8239-BB426AFB13E6}.Debug|x86.ActiveCfg = Debug|Win32
		{25939011-8F1A-43A2-8239-BB426AFB13E6}.Debug|x86.Build.0 = Debug|Win32
		{25939011-8F1A-43A2-8239-BB426AFB13E6}.Release|x64.ActiveCfg = Release|x64
		{25939011-8F1A-43A2-8239-BB426AFB13E6}.Release|x64.Build.0 = Release|x64
		{25939011-8F1A-43A2-8239-BB426AFB13E6}.Release|x86.ActiveCfg = Release|Win32
		{25939011-8F1A-43A2-8239-BB426AFB13E6}.Release|x86.Build.0 = Release|Win32
		{8AA42D77-8780-4C53-8EC2-75B660048102}.Debug|x64.ActiveCfg = Debug|x64
		{8AA42D77-8780-4C53-8EC2-75B660048102}.Debug|x64.Build.0 = Debug|x64
		{8AA42D77-8780-4C53-8EC2-75B660048102}.Debug|x86.ActiveCfg = Debug|Win32
		{8AA42D77-8780-4C53-8EC2-75B660048102}.Debug|x86.Build.0 = Debug|Win32
		{8AA42D77-8780-4C53-8EC2-75B660048102}.Release|x64.ActiveCfg = Release|x64
		{8AA42D77-8780-4C53-8EC2-75B660048102}.Release|x64.Build.0 = Release|x64
		{8AA42D77-8780-4C53-8EC2-75B660048102}.Release|x86.ActiveCfg = Release|Win32
		{8AA42D77-8780-4C53-8EC2-75B660048102}.Release|x86.Build.0 = Release|Win32
		{5D39A0BC-0A53-45C0-B678-3CA8EC62DBD7}.Debug|x64.ActiveCfg = Debug|x64
		{5D39A0BC-0A53-45C0-B678-3CA8EC62DBD7}.Debug|x64.Build.0 = Debug|x64
		{5D39A0BC-0A53-45C0-B678-3CA8EC62DBD7}.Debug|x86.ActiveCfg = Debug|Win32
		{5D39A0BC-0A53-45C0-B678-3CA8EC62DBD7}.Debug|x86.Build.0 = Debug|Win32
		{5D39A0BC-0A53-45C0-B678-3CA8EC62DBD7}.Release|x64.ActiveCfg = Release|x64
		{5D39A0BC-0A53-45C0-B678-3CA8EC62DBD7}.Release|x64.Build.0 = Release|x64
		{5D39A0BC-0A53-45C0-B678-3CA8EC62DBD7}.Release|x86.ActiveCfg = Release|Win32
		{5D39A0BC-0A53-45C0-B678-3CA8EC62DBD7}.Release|x86.Build.0 = Release|Win32
		{20C20B9A-203F-40EC-8C69-02444BFA5C35}.Debug|x64.ActiveCfg = Debug|x64
		{20C20B9A-203F-40EC-8C69-02444BFA5C35}.Debug|x64.Build.0 = Debug|x64
		{20C20B9A-203F-40EC-8C69-02444BFA5C35}.Debug|x86.ActiveCfg = Debug|Win32
		{20C20B9A-203F-40EC-8C69-02444BFA5C35}.Debug|x86.Build.0 = Debug|Win32
		{20C20B9A-203F-40EC-8C69-02444BFA5C35}.Release|x64.ActiveCfg = Release|x64
		{20C20B9A-203F-40EC-8C69-02444BFA5C35}.Release|x64.Build.0 = Release|x64
		{20C20B9A-203F-40EC-8C69-02444BFA5C35}.Release|x86.ActiveCfg = Release|Win32
		{20C20B9A-203F-40EC-8C69-02444BFA5C35}.Release|x86.Build.0 = Release|Win32
		{7EAB3B18-72D4-4887-8E8C-BB9A34FDB618}.Debug|x64.ActiveCfg = Debug|x64
		{7EAB3B18-72D4-4887-8E8C-BB9A34FDB618}.Debug|x64.Build.0 = Debug|x64
		{7EAB3B18-72D4-4887-8E8C-BB9A34FDB618}.Debug|x86.ActiveCfg = Debug|Win32
		{7EAB3B18-72D4-4887-8E8C-BB9A34FDB618}.Debug|x86.Build.0 = Debug|Win32
		{7EAB3B18-72D4-4887-8E8C-BB9A34FDB618}.Release|x64.ActiveCfg = Release|x64
		{7EAB3B18-72D4-4887-8E8C-BB9A34FDB618}.Release|x64.Build.0 = Release|x64
		{7EAB3B18-72D4-4887-8E8C-BB9A34FDB618}.Release|x86.ActiveCfg = Release|Win32
		{7EAB3B18-72D4-4887-8E8C-BB9A34FDB618}.Release|x86.Build.0 = Release|Win32
		{6554888E-5929-4061-B2F4-D47D9E207CD6}.Debug|x64.ActiveCfg = Debug|x64
		{6554888E-5929-4061-B2F4-D47D9E207CD6}.Debug|x64.Build.0 = Debug|x64
		{6554888E-5929-4061-B2F4-D47D9E207CD6}.Debug|x86.ActiveCfg = Debug|Win32
		{6554888E-5929-4061-B2F4-D47D9E207CD6}.Debug|x86.Build.0 = Debug|Win32
		{6554888E-5929-4061-B2F4-D47D9E207CD6}.Release|x64.ActiveCfg = Release|x64
		{6554888E-5929-4061-B2F4-D47D9E207CD6}.Release|x64.Build.0 = Release|x64
		{6554888E-5929-4061-B2F4-D47D9E207CD6}.Release|x86.ActiveCfg = Release|Win32
		{6554888E-5929-4061-B2F4-D47D9E207CD6}.Release|x86.Build.0 = Release|Win32
		{B293452D-9BE8-45B9-BA53-69CF52075987}.Debug|x64.ActiveCfg = Debug|x64
		{B293452D-9BE8-45B9-BA53-69CF52075987}.Debug|x64.Build.0 = Debug|x64
		{B293452D-9BE8-45B9-BA53-69CF52075987}.Debug|x86.ActiveCfg = Debug|Win32
		{B293452D-9BE8-45B9-BA53-69CF52075987}.Debug|x86.Build.0 = Debug|Win32
		{B293452D-9BE8-45B9-BA53-69CF52075987}.Release|x64.ActiveCfg = Release|x64
		{B293452D-9BE8-45B9-BA53-69CF52075987}.Release|x64.Build.0 = Release|x64
		{B293452D-9BE8-45B9-BA53-69CF52075987}.Release|x86.ActiveCfg = Release|Win32
		{B293452D-9BE8-45B9-BA53-69CF52075987}.Release|x86.Build.0 = Release|Win32
	EndGlobalSection
	GlobalSection(SolutionProperties) = preSolution
		HideSolutionNode = FALSE
	EndGlobalSection
	GlobalSection(ExtensibilityGlobals) = postSolution
		SolutionGuid = {844E9836-E8A6-47E0-927A-706AEC1D931F}
	EndGlobalSection
EndGlobal
